// !$*UTF8*$!
{
	archiveVersion = 1;
	classes = {
	};
	objectVersion = 50;
	objects = {

/* Begin PBXBuildFile section */
		326B5E43255AAA1F00574F0D /* AppDelegate.swift in Sources */ = {isa = PBXBuildFile; fileRef = 326B5E42255AAA1F00574F0D /* AppDelegate.swift */; };
		326B5E45255AAA1F00574F0D /* SceneDelegate.swift in Sources */ = {isa = PBXBuildFile; fileRef = 326B5E44255AAA1F00574F0D /* SceneDelegate.swift */; };
		326B5E47255AAA1F00574F0D /* ViewController.swift in Sources */ = {isa = PBXBuildFile; fileRef = 326B5E46255AAA1F00574F0D /* ViewController.swift */; };
		326B5E4A255AAA1F00574F0D /* Main.storyboard in Resources */ = {isa = PBXBuildFile; fileRef = 326B5E48255AAA1F00574F0D /* Main.storyboard */; };
		326B5E4C255AAA2100574F0D /* Assets.xcassets in Resources */ = {isa = PBXBuildFile; fileRef = 326B5E4B255AAA2100574F0D /* Assets.xcassets */; };
		326B5E4F255AAA2100574F0D /* LaunchScreen.storyboard in Resources */ = {isa = PBXBuildFile; fileRef = 326B5E4D255AAA2100574F0D /* LaunchScreen.storyboard */; };
		326B5E5A255AAA2200574F0D /* bullseyeTests.swift in Sources */ = {isa = PBXBuildFile; fileRef = 326B5E59255AAA2200574F0D /* bullseyeTests.swift */; };
		326B5E65255AAA2200574F0D /* bullseyeUITests.swift in Sources */ = {isa = PBXBuildFile; fileRef = 326B5E64255AAA2200574F0D /* bullseyeUITests.swift */; };
		32BA9463255DFBE8005BCEFF /* AboutViewController.swift in Sources */ = {isa = PBXBuildFile; fileRef = 32BA9462255DFBE8005BCEFF /* AboutViewController.swift */; };
/* End PBXBuildFile section */

/* Begin PBXContainerItemProxy section */
		326B5E56255AAA2200574F0D /* PBXContainerItemProxy */ = {
			isa = PBXContainerItemProxy;
			containerPortal = 326B5E37255AAA1E00574F0D /* Project object */;
			proxyType = 1;
			remoteGlobalIDString = 326B5E3E255AAA1E00574F0D;
			remoteInfo = bullseye;
		};
		326B5E61255AAA2200574F0D /* PBXContainerItemProxy */ = {
			isa = PBXContainerItemProxy;
			containerPortal = 326B5E37255AAA1E00574F0D /* Project object */;
			proxyType = 1;
			remoteGlobalIDString = 326B5E3E255AAA1E00574F0D;
			remoteInfo = bullseye;
		};
/* End PBXContainerItemProxy section */

/* Begin PBXFileReference section */
		326B5E3F255AAA1F00574F0D /* bullseye.app */ = {isa = PBXFileReference; explicitFileType = wrapper.application; includeInIndex = 0; path = bullseye.app; sourceTree = BUILT_PRODUCTS_DIR; };
		326B5E42255AAA1F00574F0D /* AppDelegate.swift */ = {isa = PBXFileReference; lastKnownFileType = sourcecode.swift; path = AppDelegate.swift; sourceTree = "<group>"; };
		326B5E44255AAA1F00574F0D /* SceneDelegate.swift */ = {isa = PBXFileReference; lastKnownFileType = sourcecode.swift; path = SceneDelegate.swift; sourceTree = "<group>"; };
		326B5E46255AAA1F00574F0D /* ViewController.swift */ = {isa = PBXFileReference; lastKnownFileType = sourcecode.swift; path = ViewController.swift; sourceTree = "<group>"; };
		326B5E49255AAA1F00574F0D /* Base */ = {isa = PBXFileReference; lastKnownFileType = file.storyboard; name = Base; path = Base.lproj/Main.storyboard; sourceTree = "<group>"; };
		326B5E4B255AAA2100574F0D /* Assets.xcassets */ = {isa = PBXFileReference; lastKnownFileType = folder.assetcatalog; path = Assets.xcassets; sourceTree = "<group>"; };
		326B5E4E255AAA2100574F0D /* Base */ = {isa = PBXFileReference; lastKnownFileType = file.storyboard; name = Base; path = Base.lproj/LaunchScreen.storyboard; sourceTree = "<group>"; };
		326B5E50255AAA2100574F0D /* Info.plist */ = {isa = PBXFileReference; lastKnownFileType = text.plist.xml; path = Info.plist; sourceTree = "<group>"; };
		326B5E55255AAA2200574F0D /* bullseyeTests.xctest */ = {isa = PBXFileReference; explicitFileType = wrapper.cfbundle; includeInIndex = 0; path = bullseyeTests.xctest; sourceTree = BUILT_PRODUCTS_DIR; };
		326B5E59255AAA2200574F0D /* bullseyeTests.swift */ = {isa = PBXFileReference; lastKnownFileType = sourcecode.swift; path = bullseyeTests.swift; sourceTree = "<group>"; };
		326B5E5B255AAA2200574F0D /* Info.plist */ = {isa = PBXFileReference; lastKnownFileType = text.plist.xml; path = Info.plist; sourceTree = "<group>"; };
		326B5E60255AAA2200574F0D /* bullseyeUITests.xctest */ = {isa = PBXFileReference; explicitFileType = wrapper.cfbundle; includeInIndex = 0; path = bullseyeUITests.xctest; sourceTree = BUILT_PRODUCTS_DIR; };
		326B5E64255AAA2200574F0D /* bullseyeUITests.swift */ = {isa = PBXFileReference; lastKnownFileType = sourcecode.swift; path = bullseyeUITests.swift; sourceTree = "<group>"; };
		326B5E66255AAA2200574F0D /* Info.plist */ = {isa = PBXFileReference; lastKnownFileType = text.plist.xml; path = Info.plist; sourceTree = "<group>"; };
		32BA9462255DFBE8005BCEFF /* AboutViewController.swift */ = {isa = PBXFileReference; lastKnownFileType = sourcecode.swift; path = AboutViewController.swift; sourceTree = "<group>"; };
/* End PBXFileReference section */

/* Begin PBXFrameworksBuildPhase section */
		326B5E3C255AAA1E00574F0D /* Frameworks */ = {
			isa = PBXFrameworksBuildPhase;
			buildActionMask = 2147483647;
			files = (
			);
			runOnlyForDeploymentPostprocessing = 0;
		};
		326B5E52255AAA2200574F0D /* Frameworks */ = {
			isa = PBXFrameworksBuildPhase;
			buildActionMask = 2147483647;
			files = (
			);
			runOnlyForDeploymentPostprocessing = 0;
		};
		326B5E5D255AAA2200574F0D /* Frameworks */ = {
			isa = PBXFrameworksBuildPhase;
			buildActionMask = 2147483647;
			files = (
			);
			runOnlyForDeploymentPostprocessing = 0;
		};
/* End PBXFrameworksBuildPhase section */

/* Begin PBXGroup section */
		326B5E36255AAA1E00574F0D = {
			isa = PBXGroup;
			children = (
				326B5E41255AAA1F00574F0D /* bullseye */,
				326B5E58255AAA2200574F0D /* bullseyeTests */,
				326B5E63255AAA2200574F0D /* bullseyeUITests */,
				326B5E40255AAA1F00574F0D /* Products */,
			);
			sourceTree = "<group>";
		};
		326B5E40255AAA1F00574F0D /* Products */ = {
			isa = PBXGroup;
			children = (
				326B5E3F255AAA1F00574F0D /* bullseye.app */,
				326B5E55255AAA2200574F0D /* bullseyeTests.xctest */,
				326B5E60255AAA2200574F0D /* bullseyeUITests.xctest */,
			);
			name = Products;
			sourceTree = "<group>";
		};
		326B5E41255AAA1F00574F0D /* bullseye */ = {
			isa = PBXGroup;
			children = (
				326B5E42255AAA1F00574F0D /* AppDelegate.swift */,
				32BA9462255DFBE8005BCEFF /* AboutViewController.swift */,
				326B5E44255AAA1F00574F0D /* SceneDelegate.swift */,
				326B5E46255AAA1F00574F0D /* ViewController.swift */,
				326B5E48255AAA1F00574F0D /* Main.storyboard */,
				326B5E4B255AAA2100574F0D /* Assets.xcassets */,
				326B5E4D255AAA2100574F0D /* LaunchScreen.storyboard */,
				326B5E50255AAA2100574F0D /* Info.plist */,
			);
			path = bullseye;
			sourceTree = "<group>";
		};
		326B5E58255AAA2200574F0D /* bullseyeTests */ = {
			isa = PBXGroup;
			children = (
				326B5E59255AAA2200574F0D /* bullseyeTests.swift */,
				326B5E5B255AAA2200574F0D /* Info.plist */,
			);
			path = bullseyeTests;
			sourceTree = "<group>";
		};
		326B5E63255AAA2200574F0D /* bullseyeUITests */ = {
			isa = PBXGroup;
			children = (
				326B5E64255AAA2200574F0D /* bullseyeUITests.swift */,
				326B5E66255AAA2200574F0D /* Info.plist */,
			);
			path = bullseyeUITests;
			sourceTree = "<group>";
		};
/* End PBXGroup section */

/* Begin PBXNativeTarget section */
		326B5E3E255AAA1E00574F0D /* bullseye */ = {
			isa = PBXNativeTarget;
			buildConfigurationList = 326B5E69255AAA2200574F0D /* Build configuration list for PBXNativeTarget "bullseye" */;
			buildPhases = (
				326B5E3B255AAA1E00574F0D /* Sources */,
				326B5E3C255AAA1E00574F0D /* Frameworks */,
				326B5E3D255AAA1E00574F0D /* Resources */,
			);
			buildRules = (
			);
			dependencies = (
			);
			name = bullseye;
			productName = bullseye;
			productReference = 326B5E3F255AAA1F00574F0D /* bullseye.app */;
			productType = "com.apple.product-type.application";
		};
		326B5E54255AAA2200574F0D /* bullseyeTests */ = {
			isa = PBXNativeTarget;
			buildConfigurationList = 326B5E6C255AAA2200574F0D /* Build configuration list for PBXNativeTarget "bullseyeTests" */;
			buildPhases = (
				326B5E51255AAA2200574F0D /* Sources */,
				326B5E52255AAA2200574F0D /* Frameworks */,
				326B5E53255AAA2200574F0D /* Resources */,
			);
			buildRules = (
			);
			dependencies = (
				326B5E57255AAA2200574F0D /* PBXTargetDependency */,
			);
			name = bullseyeTests;
			productName = bullseyeTests;
			productReference = 326B5E55255AAA2200574F0D /* bullseyeTests.xctest */;
			productType = "com.apple.product-type.bundle.unit-test";
		};
		326B5E5F255AAA2200574F0D /* bullseyeUITests */ = {
			isa = PBXNativeTarget;
			buildConfigurationList = 326B5E6F255AAA2200574F0D /* Build configuration list for PBXNativeTarget "bullseyeUITests" */;
			buildPhases = (
				326B5E5C255AAA2200574F0D /* Sources */,
				326B5E5D255AAA2200574F0D /* Frameworks */,
				326B5E5E255AAA2200574F0D /* Resources */,
			);
			buildRules = (
			);
			dependencies = (
				326B5E62255AAA2200574F0D /* PBXTargetDependency */,
			);
			name = bullseyeUITests;
			productName = bullseyeUITests;
			productReference = 326B5E60255AAA2200574F0D /* bullseyeUITests.xctest */;
			productType = "com.apple.product-type.bundle.ui-testing";
		};
/* End PBXNativeTarget section */

/* Begin PBXProject section */
		326B5E37255AAA1E00574F0D /* Project object */ = {
			isa = PBXProject;
			attributes = {
				LastSwiftUpdateCheck = 1210;
				LastUpgradeCheck = 1210;
				TargetAttributes = {
					326B5E3E255AAA1E00574F0D = {
						CreatedOnToolsVersion = 12.1;
					};
					326B5E54255AAA2200574F0D = {
						CreatedOnToolsVersion = 12.1;
						TestTargetID = 326B5E3E255AAA1E00574F0D;
					};
					326B5E5F255AAA2200574F0D = {
						CreatedOnToolsVersion = 12.1;
						TestTargetID = 326B5E3E255AAA1E00574F0D;
					};
				};
			};
			buildConfigurationList = 326B5E3A255AAA1E00574F0D /* Build configuration list for PBXProject "bullseye" */;
			compatibilityVersion = "Xcode 9.3";
			developmentRegion = en;
			hasScannedForEncodings = 0;
			knownRegions = (
				en,
				Base,
			);
			mainGroup = 326B5E36255AAA1E00574F0D;
			productRefGroup = 326B5E40255AAA1F00574F0D /* Products */;
			projectDirPath = "";
			projectRoot = "";
			targets = (
				326B5E3E255AAA1E00574F0D /* bullseye */,
				326B5E54255AAA2200574F0D /* bullseyeTests */,
				326B5E5F255AAA2200574F0D /* bullseyeUITests */,
			);
		};
/* End PBXProject section */

/* Begin PBXResourcesBuildPhase section */
		326B5E3D255AAA1E00574F0D /* Resources */ = {
			isa = PBXResourcesBuildPhase;
			buildActionMask = 2147483647;
			files = (
				326B5E4F255AAA2100574F0D /* LaunchScreen.storyboard in Resources */,
				326B5E4C255AAA2100574F0D /* Assets.xcassets in Resources */,
				326B5E4A255AAA1F00574F0D /* Main.storyboard in Resources */,
			);
			runOnlyForDeploymentPostprocessing = 0;
		};
		326B5E53255AAA2200574F0D /* Resources */ = {
			isa = PBXResourcesBuildPhase;
			buildActionMask = 2147483647;
			files = (
			);
			runOnlyForDeploymentPostprocessing = 0;
		};
		326B5E5E255AAA2200574F0D /* Resources */ = {
			isa = PBXResourcesBuildPhase;
			buildActionMask = 2147483647;
			files = (
			);
			runOnlyForDeploymentPostprocessing = 0;
		};
/* End PBXResourcesBuildPhase section */

/* Begin PBXSourcesBuildPhase section */
		326B5E3B255AAA1E00574F0D /* Sources */ = {
			isa = PBXSourcesBuildPhase;
			buildActionMask = 2147483647;
			files = (
				326B5E47255AAA1F00574F0D /* ViewController.swift in Sources */,
				326B5E43255AAA1F00574F0D /* AppDelegate.swift in Sources */,
				32BA9463255DFBE8005BCEFF /* AboutViewController.swift in Sources */,
				326B5E45255AAA1F00574F0D /* SceneDelegate.swift in Sources */,
			);
			runOnlyForDeploymentPostprocessing = 0;
		};
		326B5E51255AAA2200574F0D /* Sources */ = {
			isa = PBXSourcesBuildPhase;
			buildActionMask = 2147483647;
			files = (
				326B5E5A255AAA2200574F0D /* bullseyeTests.swift in Sources */,
			);
			runOnlyForDeploymentPostprocessing = 0;
		};
		326B5E5C255AAA2200574F0D /* Sources */ = {
			isa = PBXSourcesBuildPhase;
			buildActionMask = 2147483647;
			files = (
				326B5E65255AAA2200574F0D /* bullseyeUITests.swift in Sources */,
			);
			runOnlyForDeploymentPostprocessing = 0;
		};
/* End PBXSourcesBuildPhase section */

/* Begin PBXTargetDependency section */
		326B5E57255AAA2200574F0D /* PBXTargetDependency */ = {
			isa = PBXTargetDependency;
			target = 326B5E3E255AAA1E00574F0D /* bullseye */;
			targetProxy = 326B5E56255AAA2200574F0D /* PBXContainerItemProxy */;
		};
		326B5E62255AAA2200574F0D /* PBXTargetDependency */ = {
			isa = PBXTargetDependency;
			target = 326B5E3E255AAA1E00574F0D /* bullseye */;
			targetProxy = 326B5E61255AAA2200574F0D /* PBXContainerItemProxy */;
		};
/* End PBXTargetDependency section */

/* Begin PBXVariantGroup section */
		326B5E48255AAA1F00574F0D /* Main.storyboard */ = {
			isa = PBXVariantGroup;
			children = (
				326B5E49255AAA1F00574F0D /* Base */,
			);
			name = Main.storyboard;
			sourceTree = "<group>";
		};
		326B5E4D255AAA2100574F0D /* LaunchScreen.storyboard */ = {
			isa = PBXVariantGroup;
			children = (
				326B5E4E255AAA2100574F0D /* Base */,
			);
			name = LaunchScreen.storyboard;
			sourceTree = "<group>";
		};
/* End PBXVariantGroup section */

/* Begin XCBuildConfiguration section */
		326B5E67255AAA2200574F0D /* Debug */ = {
			isa = XCBuildConfiguration;
			buildSettings = {
				ALWAYS_SEARCH_USER_PATHS = NO;
				CLANG_ANALYZER_NONNULL = YES;
				CLANG_ANALYZER_NUMBER_OBJECT_CONVERSION = YES_AGGRESSIVE;
				CLANG_CXX_LANGUAGE_STANDARD = "gnu++14";
				CLANG_CXX_LIBRARY = "libc++";
				CLANG_ENABLE_MODULES = YES;
				CLANG_ENABLE_OBJC_ARC = YES;
				CLANG_ENABLE_OBJC_WEAK = YES;
				CLANG_WARN_BLOCK_CAPTURE_AUTORELEASING = YES;
				CLANG_WARN_BOOL_CONVERSION = YES;
				CLANG_WARN_COMMA = YES;
				CLANG_WARN_CONSTANT_CONVERSION = YES;
				CLANG_WARN_DEPRECATED_OBJC_IMPLEMENTATIONS = YES;
				CLANG_WARN_DIRECT_OBJC_ISA_USAGE = YES_ERROR;
				CLANG_WARN_DOCUMENTATION_COMMENTS = YES;
				CLANG_WARN_EMPTY_BODY = YES;
				CLANG_WARN_ENUM_CONVERSION = YES;
				CLANG_WARN_INFINITE_RECURSION = YES;
				CLANG_WARN_INT_CONVERSION = YES;
				CLANG_WARN_NON_LITERAL_NULL_CONVERSION = YES;
				CLANG_WARN_OBJC_IMPLICIT_RETAIN_SELF = YES;
				CLANG_WARN_OBJC_LITERAL_CONVERSION = YES;
				CLANG_WARN_OBJC_ROOT_CLASS = YES_ERROR;
				CLANG_WARN_QUOTED_INCLUDE_IN_FRAMEWORK_HEADER = YES;
				CLANG_WARN_RANGE_LOOP_ANALYSIS = YES;
				CLANG_WARN_STRICT_PROTOTYPES = YES;
				CLANG_WARN_SUSPICIOUS_MOVE = YES;
				CLANG_WARN_UNGUARDED_AVAILABILITY = YES_AGGRESSIVE;
				CLANG_WARN_UNREACHABLE_CODE = YES;
				CLANG_WARN__DUPLICATE_METHOD_MATCH = YES;
				COPY_PHASE_STRIP = NO;
				DEBUG_INFORMATION_FORMAT = dwarf;
				ENABLE_STRICT_OBJC_MSGSEND = YES;
				ENABLE_TESTABILITY = YES;
				GCC_C_LANGUAGE_STANDARD = gnu11;
				GCC_DYNAMIC_NO_PIC = NO;
				GCC_NO_COMMON_BLOCKS = YES;
				GCC_OPTIMIZATION_LEVEL = 0;
				GCC_PREPROCESSOR_DEFINITIONS = (
					"DEBUG=1",
					"$(inherited)",
				);
				GCC_WARN_64_TO_32_BIT_CONVERSION = YES;
				GCC_WARN_ABOUT_RETURN_TYPE = YES_ERROR;
				GCC_WARN_UNDECLARED_SELECTOR = YES;
				GCC_WARN_UNINITIALIZED_AUTOS = YES_AGGRESSIVE;
				GCC_WARN_UNUSED_FUNCTION = YES;
				GCC_WARN_UNUSED_VARIABLE = YES;
				IPHONEOS_DEPLOYMENT_TARGET = 14.1;
				MTL_ENABLE_DEBUG_INFO = INCLUDE_SOURCE;
				MTL_FAST_MATH = YES;
				ONLY_ACTIVE_ARCH = YES;
				SDKROOT = iphoneos;
				SWIFT_ACTIVE_COMPILATION_CONDITIONS = DEBUG;
				SWIFT_OPTIMIZATION_LEVEL = "-Onone";
			};
			name = Debug;
		};
		326B5E68255AAA2200574F0D /* Release */ = {
			isa = XCBuildConfiguration;
			buildSettings = {
				ALWAYS_SEARCH_USER_PATHS = NO;
				CLANG_ANALYZER_NONNULL = YES;
				CLANG_ANALYZER_NUMBER_OBJECT_CONVERSION = YES_AGGRESSIVE;
				CLANG_CXX_LANGUAGE_STANDARD = "gnu++14";
				CLANG_CXX_LIBRARY = "libc++";
				CLANG_ENABLE_MODULES = YES;
				CLANG_ENABLE_OBJC_ARC = YES;
				CLANG_ENABLE_OBJC_WEAK = YES;
				CLANG_WARN_BLOCK_CAPTURE_AUTORELEASING = YES;
				CLANG_WARN_BOOL_CONVERSION = YES;
				CLANG_WARN_COMMA = YES;
				CLANG_WARN_CONSTANT_CONVERSION = YES;
				CLANG_WARN_DEPRECATED_OBJC_IMPLEMENTATIONS = YES;
				CLANG_WARN_DIRECT_OBJC_ISA_USAGE = YES_ERROR;
				CLANG_WARN_DOCUMENTATION_COMMENTS = YES;
				CLANG_WARN_EMPTY_BODY = YES;
				CLANG_WARN_ENUM_CONVERSION = YES;
				CLANG_WARN_INFINITE_RECURSION = YES;
				CLANG_WARN_INT_CONVERSION = YES;
				CLANG_WARN_NON_LITERAL_NULL_CONVERSION = YES;
				CLANG_WARN_OBJC_IMPLICIT_RETAIN_SELF = YES;
				CLANG_WARN_OBJC_LITERAL_CONVERSION = YES;
				CLANG_WARN_OBJC_ROOT_CLASS = YES_ERROR;
				CLANG_WARN_QUOTED_INCLUDE_IN_FRAMEWORK_HEADER = YES;
				CLANG_WARN_RANGE_LOOP_ANALYSIS = YES;
				CLANG_WARN_STRICT_PROTOTYPES = YES;
				CLANG_WARN_SUSPICIOUS_MOVE = YES;
				CLANG_WARN_UNGUARDED_AVAILABILITY = YES_AGGRESSIVE;
				CLANG_WARN_UNREACHABLE_CODE = YES;
				CLANG_WARN__DUPLICATE_METHOD_MATCH = YES;
				COPY_PHASE_STRIP = NO;
				DEBUG_INFORMATION_FORMAT = "dwarf-with-dsym";
				ENABLE_NS_ASSERTIONS = NO;
				ENABLE_STRICT_OBJC_MSGSEND = YES;
				GCC_C_LANGUAGE_STANDARD = gnu11;
				GCC_NO_COMMON_BLOCKS = YES;
				GCC_WARN_64_TO_32_BIT_CONVERSION = YES;
				GCC_WARN_ABOUT_RETURN_TYPE = YES_ERROR;
				GCC_WARN_UNDECLARED_SELECTOR = YES;
				GCC_WARN_UNINITIALIZED_AUTOS = YES_AGGRESSIVE;
				GCC_WARN_UNUSED_FUNCTION = YES;
				GCC_WARN_UNUSED_VARIABLE = YES;
				IPHONEOS_DEPLOYMENT_TARGET = 14.1;
				MTL_ENABLE_DEBUG_INFO = NO;
				MTL_FAST_MATH = YES;
				SDKROOT = iphoneos;
				SWIFT_COMPILATION_MODE = wholemodule;
				SWIFT_OPTIMIZATION_LEVEL = "-O";
				VALIDATE_PRODUCT = YES;
			};
			name = Release;
		};
		326B5E6A255AAA2200574F0D /* Debug */ = {
			isa = XCBuildConfiguration;
			buildSettings = {
				ASSETCATALOG_COMPILER_APPICON_NAME = AppIcon;
				ASSETCATALOG_COMPILER_GLOBAL_ACCENT_COLOR_NAME = AccentColor;
				CODE_SIGN_STYLE = Automatic;
				DEVELOPMENT_TEAM = 3MB7BZ8V5H;
				INFOPLIST_FILE = bullseye/Info.plist;
				LD_RUNPATH_SEARCH_PATHS = (
					"$(inherited)",
					"@executable_path/Frameworks",
				);
				PRODUCT_BUNDLE_IDENTIFIER = com.kendramosley.bullseye;
				PRODUCT_NAME = "$(TARGET_NAME)";
				SWIFT_VERSION = 5.0;
				TARGETED_DEVICE_FAMILY = "1,2";
			};
			name = Debug;
		};
		326B5E6B255AAA2200574F0D /* Release */ = {
			isa = XCBuildConfiguration;
			buildSettings = {
				ASSETCATALOG_COMPILER_APPICON_NAME = AppIcon;
				ASSETCATALOG_COMPILER_GLOBAL_ACCENT_COLOR_NAME = AccentColor;
				CODE_SIGN_STYLE = Automatic;
				DEVELOPMENT_TEAM = 3MB7BZ8V5H;
				INFOPLIST_FILE = bullseye/Info.plist;
				LD_RUNPATH_SEARCH_PATHS = (
					"$(inherited)",
					"@executable_path/Frameworks",
				);
				PRODUCT_BUNDLE_IDENTIFIER = com.kendramosley.bullseye;
				PRODUCT_NAME = "$(TARGET_NAME)";
				SWIFT_VERSION = 5.0;
				TARGETED_DEVICE_FAMILY = "1,2";
			};
			name = Release;
		};
		326B5E6D255AAA2200574F0D /* Debug */ = {
			isa = XCBuildConfiguration;
			buildSettings = {
				ALWAYS_EMBED_SWIFT_STANDARD_LIBRARIES = YES;
				BUNDLE_LOADER = "$(TEST_HOST)";
				CODE_SIGN_STYLE = Automatic;
				DEVELOPMENT_TEAM = 3MB7BZ8V5H;
				INFOPLIST_FILE = bullseyeTests/Info.plist;
				IPHONEOS_DEPLOYMENT_TARGET = 14.1;
				LD_RUNPATH_SEARCH_PATHS = (
					"$(inherited)",
					"@executable_path/Frameworks",
					"@loader_path/Frameworks",
				);
				PRODUCT_BUNDLE_IDENTIFIER = com.kendramosley.bullseyeTests;
				PRODUCT_NAME = "$(TARGET_NAME)";
				SWIFT_VERSION = 5.0;
				TARGETED_DEVICE_FAMILY = "1,2";
				TEST_HOST = "$(BUILT_PRODUCTS_DIR)/bullseye.app/bullseye";
			};
			name = Debug;
		};
		326B5E6E255AAA2200574F0D /* Release */ = {
			isa = XCBuildConfiguration;
			buildSettings = {
				ALWAYS_EMBED_SWIFT_STANDARD_LIBRARIES = YES;
				BUNDLE_LOADER = "$(TEST_HOST)";
				CODE_SIGN_STYLE = Automatic;
				DEVELOPMENT_TEAM = 3MB7BZ8V5H;
				INFOPLIST_FILE = bullseyeTests/Info.plist;
				IPHONEOS_DEPLOYMENT_TARGET = 14.1;
				LD_RUNPATH_SEARCH_PATHS = (
					"$(inherited)",
					"@executable_path/Frameworks",
					"@loader_path/Frameworks",
				);
				PRODUCT_BUNDLE_IDENTIFIER = com.kendramosley.bullseyeTests;
				PRODUCT_NAME = "$(TARGET_NAME)";
				SWIFT_VERSION = 5.0;
				TARGETED_DEVICE_FAMILY = "1,2";
				TEST_HOST = "$(BUILT_PRODUCTS_DIR)/bullseye.app/bullseye";
			};
			name = Release;
		};
		326B5E70255AAA2200574F0D /* Debug */ = {
			isa = XCBuildConfiguration;
			buildSettings = {
				ALWAYS_EMBED_SWIFT_STANDARD_LIBRARIES = YES;
				CODE_SIGN_STYLE = Automatic;
				DEVELOPMENT_TEAM = 3MB7BZ8V5H;
				INFOPLIST_FILE = bullseyeUITests/Info.plist;
				LD_RUNPATH_SEARCH_PATHS = (
					"$(inherited)",
					"@executable_path/Frameworks",
					"@loader_path/Frameworks",
				);
				PRODUCT_BUNDLE_IDENTIFIER = com.kendramosley.bullseyeUITests;
				PRODUCT_NAME = "$(TARGET_NAME)";
				SWIFT_VERSION = 5.0;
				TARGETED_DEVICE_FAMILY = "1,2";
				TEST_TARGET_NAME = bullseye;
			};
			name = Debug;
		};
		326B5E71255AAA2200574F0D /* Release */ = {
			isa = XCBuildConfiguration;
			buildSettings = {
				ALWAYS_EMBED_SWIFT_STANDARD_LIBRARIES = YES;
				CODE_SIGN_STYLE = Automatic;
				DEVELOPMENT_TEAM = 3MB7BZ8V5H;
				INFOPLIST_FILE = bullseyeUITests/Info.plist;
				LD_RUNPATH_SEARCH_PATHS = (
					"$(inherited)",
					"@executable_path/Frameworks",
					"@loader_path/Frameworks",
				);
				PRODUCT_BUNDLE_IDENTIFIER = com.kendramosley.bullseyeUITests;
				PRODUCT_NAME = "$(TARGET_NAME)";
				SWIFT_VERSION = 5.0;
				TARGETED_DEVICE_FAMILY = "1,2";
				TEST_TARGET_NAME = bullseye;
			};
			name = Release;
		};
/* End XCBuildConfiguration section */

/* Begin XCConfigurationList section */
		326B5E3A255AAA1E00574F0D /* Build configuration list for PBXProject "bullseye" */ = {
			isa = XCConfigurationList;
			buildConfigurations = (
				326B5E67255AAA2200574F0D /* Debug */,
				326B5E68255AAA2200574F0D /* Release */,
			);
			defaultConfigurationIsVisible = 0;
			defaultConfigurationName = Release;
		};
		326B5E69255AAA2200574F0D /* Build configuration list for PBXNativeTarget "bullseye" */ = {
			isa = XCConfigurationList;
			buildConfigurations = (
				326B5E6A255AAA2200574F0D /* Debug */,
				326B5E6B255AAA2200574F0D /* Release */,
			);
			defaultConfigurationIsVisible = 0;
			defaultConfigurationName = Release;
		};
		326B5E6C255AAA2200574F0D /* Build configuration list for PBXNativeTarget "bullseyeTests" */ = {
			isa = XCConfigurationList;
			buildConfigurations = (
				326B5E6D255AAA2200574F0D /* Debug */,
				326B5E6E255AAA2200574F0D /* Release */,
			);
			defaultConfigurationIsVisible = 0;
			defaultConfigurationName = Release;
		};
		326B5E6F255AAA2200574F0D /* Build configuration list for PBXNativeTarget "bullseyeUITests" */ = {
			isa = XCConfigurationList;
			buildConfigurations = (
				326B5E70255AAA2200574F0D /* Debug */,
				326B5E71255AAA2200574F0D /* Release */,
			);
			defaultConfigurationIsVisible = 0;
			defaultConfigurationName = Release;
		};
/* End XCConfigurationList section */
	};
	rootObject = 326B5E37255AAA1E00574F0D /* Project object */;
}
